// !$*UTF8*$!
{
	archiveVersion = 1;
	classes = {
	};
	objectVersion = 45;
	objects = {

/* Begin PBXBuildFile section */
		1D3623260D0F684500981E51 /* TrackerAppDelegate.m in Sources */ = {isa = PBXBuildFile; fileRef = 1D3623250D0F684500981E51 /* TrackerAppDelegate.m */; };
		1D60589B0D05DD56006BFB54 /* main.m in Sources */ = {isa = PBXBuildFile; fileRef = 29B97316FDCFA39411CA2CEA /* main.m */; };
		1D60589F0D05DD5A006BFB54 /* Foundation.framework in Frameworks */ = {isa = PBXBuildFile; fileRef = 1D30AB110D05D00D00671497 /* Foundation.framework */; };
		1DF5F4E00D08C38300B7A737 /* UIKit.framework in Frameworks */ = {isa = PBXBuildFile; fileRef = 1DF5F4DF0D08C38300B7A737 /* UIKit.framework */; };
		288765A50DF7441C002DB57D /* CoreGraphics.framework in Frameworks */ = {isa = PBXBuildFile; fileRef = 288765A40DF7441C002DB57D /* CoreGraphics.framework */; };
		2899E5220DE3E06400AC0155 /* TrackerViewController.xib in Resources */ = {isa = PBXBuildFile; fileRef = 2899E5210DE3E06400AC0155 /* TrackerViewController.xib */; };
		28AD733F0D9D9553002E5188 /* MainWindow.xib in Resources */ = {isa = PBXBuildFile; fileRef = 28AD733E0D9D9553002E5188 /* MainWindow.xib */; };
		28D7ACF80DDB3853001CB0EB /* TrackerViewController.m in Sources */ = {isa = PBXBuildFile; fileRef = 28D7ACF70DDB3853001CB0EB /* TrackerViewController.m */; };
		A339B3F21153C34800CA2BB5 /* PTSyncManager.m in Sources */ = {isa = PBXBuildFile; fileRef = A339B3F11153C34800CA2BB5 /* PTSyncManager.m */; };
		A375BC441151BF1F008BACC3 /* PTTrackerModel.m in Sources */ = {isa = PBXBuildFile; fileRef = A375BC431151BF1F008BACC3 /* PTTrackerModel.m */; };
		A375BC5B1151C05E008BACC3 /* PTProject.m in Sources */ = {isa = PBXBuildFile; fileRef = A375BC5A1151C05E008BACC3 /* PTProject.m */; };
		A3EDBE4E1151CB60004DA6AB /* NSArray+NSIndexPathLookup.m in Sources */ = {isa = PBXBuildFile; fileRef = A3EDBE4D1151CB60004DA6AB /* NSArray+NSIndexPathLookup.m */; };
		A3EDBF7611528281004DA6AB /* UIApplication+Directories.m in Sources */ = {isa = PBXBuildFile; fileRef = A3EDBF7511528281004DA6AB /* UIApplication+Directories.m */; };
		A3EDBF791152828D004DA6AB /* CoreDataManager.m in Sources */ = {isa = PBXBuildFile; fileRef = A3EDBF781152828D004DA6AB /* CoreDataManager.m */; };
		A3EDBF7B11528296004DA6AB /* Tracker.xcdatamodel in Sources */ = {isa = PBXBuildFile; fileRef = A3EDBF7A11528296004DA6AB /* Tracker.xcdatamodel */; };
		A3EDBF7D115282A7004DA6AB /* CoreData.framework in Frameworks */ = {isa = PBXBuildFile; fileRef = A3EDBF7C115282A7004DA6AB /* CoreData.framework */; };
		A3EDBFD811528619004DA6AB /* PTTrackerRemoteModel.m in Sources */ = {isa = PBXBuildFile; fileRef = A3EDBFD711528619004DA6AB /* PTTrackerRemoteModel.m */; };
/* End PBXBuildFile section */

/* Begin PBXFileReference section */
		1D30AB110D05D00D00671497 /* Foundation.framework */ = {isa = PBXFileReference; lastKnownFileType = wrapper.framework; name = Foundation.framework; path = System/Library/Frameworks/Foundation.framework; sourceTree = SDKROOT; };
		1D3623240D0F684500981E51 /* TrackerAppDelegate.h */ = {isa = PBXFileReference; fileEncoding = 4; lastKnownFileType = sourcecode.c.h; path = TrackerAppDelegate.h; sourceTree = "<group>"; };
		1D3623250D0F684500981E51 /* TrackerAppDelegate.m */ = {isa = PBXFileReference; fileEncoding = 4; lastKnownFileType = sourcecode.c.objc; path = TrackerAppDelegate.m; sourceTree = "<group>"; };
		1D6058910D05DD3D006BFB54 /* Tracker.app */ = {isa = PBXFileReference; explicitFileType = wrapper.application; includeInIndex = 0; path = Tracker.app; sourceTree = BUILT_PRODUCTS_DIR; };
		1DF5F4DF0D08C38300B7A737 /* UIKit.framework */ = {isa = PBXFileReference; lastKnownFileType = wrapper.framework; name = UIKit.framework; path = System/Library/Frameworks/UIKit.framework; sourceTree = SDKROOT; };
		288765A40DF7441C002DB57D /* CoreGraphics.framework */ = {isa = PBXFileReference; lastKnownFileType = wrapper.framework; name = CoreGraphics.framework; path = System/Library/Frameworks/CoreGraphics.framework; sourceTree = SDKROOT; };
		2899E5210DE3E06400AC0155 /* TrackerViewController.xib */ = {isa = PBXFileReference; lastKnownFileType = file.xib; path = TrackerViewController.xib; sourceTree = "<group>"; };
		28AD733E0D9D9553002E5188 /* MainWindow.xib */ = {isa = PBXFileReference; lastKnownFileType = file.xib; path = MainWindow.xib; sourceTree = "<group>"; };
		28D7ACF60DDB3853001CB0EB /* TrackerViewController.h */ = {isa = PBXFileReference; fileEncoding = 4; lastKnownFileType = sourcecode.c.h; path = TrackerViewController.h; sourceTree = "<group>"; };
		28D7ACF70DDB3853001CB0EB /* TrackerViewController.m */ = {isa = PBXFileReference; fileEncoding = 4; lastKnownFileType = sourcecode.c.objc; path = TrackerViewController.m; sourceTree = "<group>"; };
		29B97316FDCFA39411CA2CEA /* main.m */ = {isa = PBXFileReference; fileEncoding = 4; lastKnownFileType = sourcecode.c.objc; path = main.m; sourceTree = "<group>"; };
		32CA4F630368D1EE00C91783 /* Tracker_Prefix.pch */ = {isa = PBXFileReference; fileEncoding = 4; lastKnownFileType = sourcecode.c.h; path = Tracker_Prefix.pch; sourceTree = "<group>"; };
		8D1107310486CEB800E47090 /* Tracker-Info.plist */ = {isa = PBXFileReference; fileEncoding = 4; lastKnownFileType = text.plist.xml; path = "Tracker-Info.plist"; plistStructureDefinitionIdentifier = "com.apple.xcode.plist.structure-definition.iphone.info-plist"; sourceTree = "<group>"; };
		A339B3F01153C34800CA2BB5 /* PTSyncManager.h */ = {isa = PBXFileReference; fileEncoding = 4; lastKnownFileType = sourcecode.c.h; name = PTSyncManager.h; path = Classes/PTSyncManager.h; sourceTree = "<group>"; };
		A339B3F11153C34800CA2BB5 /* PTSyncManager.m */ = {isa = PBXFileReference; fileEncoding = 4; lastKnownFileType = sourcecode.c.objc; name = PTSyncManager.m; path = Classes/PTSyncManager.m; sourceTree = "<group>"; };
		A375BC421151BF1F008BACC3 /* PTTrackerModel.h */ = {isa = PBXFileReference; fileEncoding = 4; lastKnownFileType = sourcecode.c.h; path = PTTrackerModel.h; sourceTree = "<group>"; };
		A375BC431151BF1F008BACC3 /* PTTrackerModel.m */ = {isa = PBXFileReference; fileEncoding = 4; lastKnownFileType = sourcecode.c.objc; path = PTTrackerModel.m; sourceTree = "<group>"; };
		A375BC591151C05E008BACC3 /* PTProject.h */ = {isa = PBXFileReference; fileEncoding = 4; lastKnownFileType = sourcecode.c.h; path = PTProject.h; sourceTree = "<group>"; };
		A375BC5A1151C05E008BACC3 /* PTProject.m */ = {isa = PBXFileReference; fileEncoding = 4; lastKnownFileType = sourcecode.c.objc; path = PTProject.m; sourceTree = "<group>"; };
		A3EDBDE61151C448004DA6AB /* PTResultsDelegate.h */ = {isa = PBXFileReference; fileEncoding = 4; lastKnownFileType = sourcecode.c.h; path = PTResultsDelegate.h; sourceTree = "<group>"; };
		A3EDBE4C1151CB60004DA6AB /* NSArray+NSIndexPathLookup.h */ = {isa = PBXFileReference; fileEncoding = 4; lastKnownFileType = sourcecode.c.h; path = "NSArray+NSIndexPathLookup.h"; sourceTree = "<group>"; };
		A3EDBE4D1151CB60004DA6AB /* NSArray+NSIndexPathLookup.m */ = {isa = PBXFileReference; fileEncoding = 4; lastKnownFileType = sourcecode.c.objc; path = "NSArray+NSIndexPathLookup.m"; sourceTree = "<group>"; };
		A3EDBF7411528281004DA6AB /* UIApplication+Directories.h */ = {isa = PBXFileReference; fileEncoding = 4; lastKnownFileType = sourcecode.c.h; path = "UIApplication+Directories.h"; sourceTree = "<group>"; };
		A3EDBF7511528281004DA6AB /* UIApplication+Directories.m */ = {isa = PBXFileReference; fileEncoding = 4; lastKnownFileType = sourcecode.c.objc; path = "UIApplication+Directories.m"; sourceTree = "<group>"; };
		A3EDBF771152828D004DA6AB /* CoreDataManager.h */ = {isa = PBXFileReference; fileEncoding = 4; lastKnownFileType = sourcecode.c.h; path = CoreDataManager.h; sourceTree = "<group>"; };
		A3EDBF781152828D004DA6AB /* CoreDataManager.m */ = {isa = PBXFileReference; fileEncoding = 4; lastKnownFileType = sourcecode.c.objc; path = CoreDataManager.m; sourceTree = "<group>"; };
		A3EDBF7A11528296004DA6AB /* Tracker.xcdatamodel */ = {isa = PBXFileReference; fileEncoding = 4; lastKnownFileType = wrapper.xcdatamodel; path = Tracker.xcdatamodel; sourceTree = "<group>"; };
		A3EDBF7C115282A7004DA6AB /* CoreData.framework */ = {isa = PBXFileReference; lastKnownFileType = wrapper.framework; name = CoreData.framework; path = System/Library/Frameworks/CoreData.framework; sourceTree = SDKROOT; };
		A3EDBFD611528619004DA6AB /* PTTrackerRemoteModel.h */ = {isa = PBXFileReference; fileEncoding = 4; lastKnownFileType = sourcecode.c.h; path = PTTrackerRemoteModel.h; sourceTree = "<group>"; };
		A3EDBFD711528619004DA6AB /* PTTrackerRemoteModel.m */ = {isa = PBXFileReference; fileEncoding = 4; lastKnownFileType = sourcecode.c.objc; path = PTTrackerRemoteModel.m; sourceTree = "<group>"; };
/* End PBXFileReference section */

/* Begin PBXFrameworksBuildPhase section */
		1D60588F0D05DD3D006BFB54 /* Frameworks */ = {
			isa = PBXFrameworksBuildPhase;
			buildActionMask = 2147483647;
			files = (
				1D60589F0D05DD5A006BFB54 /* Foundation.framework in Frameworks */,
				1DF5F4E00D08C38300B7A737 /* UIKit.framework in Frameworks */,
				288765A50DF7441C002DB57D /* CoreGraphics.framework in Frameworks */,
				A3EDBF7D115282A7004DA6AB /* CoreData.framework in Frameworks */,
			);
			runOnlyForDeploymentPostprocessing = 0;
		};
/* End PBXFrameworksBuildPhase section */

/* Begin PBXGroup section */
		080E96DDFE201D6D7F000001 /* Classes */ = {
			isa = PBXGroup;
			children = (
				A3EDBE4B1151CB3A004DA6AB /* Categories */,
				A3EDBE311151C6DE004DA6AB /* Helpers */,
				A375BC411151BF03008BACC3 /* Data Model */,
				1D3623240D0F684500981E51 /* TrackerAppDelegate.h */,
				1D3623250D0F684500981E51 /* TrackerAppDelegate.m */,
				28D7ACF60DDB3853001CB0EB /* TrackerViewController.h */,
				28D7ACF70DDB3853001CB0EB /* TrackerViewController.m */,
			);
			path = Classes;
			sourceTree = "<group>";
		};
		19C28FACFE9D520D11CA2CBB /* Products */ = {
			isa = PBXGroup;
			children = (
				1D6058910D05DD3D006BFB54 /* Tracker.app */,
			);
			name = Products;
			sourceTree = "<group>";
		};
		29B97314FDCFA39411CA2CEA /* CustomTemplate */ = {
			isa = PBXGroup;
			children = (
				080E96DDFE201D6D7F000001 /* Classes */,
				29B97315FDCFA39411CA2CEA /* Other Sources */,
				29B97317FDCFA39411CA2CEA /* Resources */,
				29B97323FDCFA39411CA2CEA /* Frameworks */,
				19C28FACFE9D520D11CA2CBB /* Products */,
			);
			name = CustomTemplate;
			sourceTree = "<group>";
		};
		29B97315FDCFA39411CA2CEA /* Other Sources */ = {
			isa = PBXGroup;
			children = (
				32CA4F630368D1EE00C91783 /* Tracker_Prefix.pch */,
				29B97316FDCFA39411CA2CEA /* main.m */,
			);
			name = "Other Sources";
			sourceTree = "<group>";
		};
		29B97317FDCFA39411CA2CEA /* Resources */ = {
			isa = PBXGroup;
			children = (
				A3EDBF7A11528296004DA6AB /* Tracker.xcdatamodel */,
				2899E5210DE3E06400AC0155 /* TrackerViewController.xib */,
				28AD733E0D9D9553002E5188 /* MainWindow.xib */,
				8D1107310486CEB800E47090 /* Tracker-Info.plist */,
			);
			name = Resources;
			sourceTree = "<group>";
		};
		29B97323FDCFA39411CA2CEA /* Frameworks */ = {
			isa = PBXGroup;
			children = (
				A3EDBF7C115282A7004DA6AB /* CoreData.framework */,
				1DF5F4DF0D08C38300B7A737 /* UIKit.framework */,
				1D30AB110D05D00D00671497 /* Foundation.framework */,
				288765A40DF7441C002DB57D /* CoreGraphics.framework */,
			);
			name = Frameworks;
			sourceTree = "<group>";
		};
		A375BC411151BF03008BACC3 /* Data Model */ = {
			isa = PBXGroup;
			children = (
				A339B3F01153C34800CA2BB5 /* PTSyncManager.h */,
				A339B3F11153C34800CA2BB5 /* PTSyncManager.m */,
				A375BC421151BF1F008BACC3 /* PTTrackerModel.h */,
				A375BC431151BF1F008BACC3 /* PTTrackerModel.m */,
				A375BC591151C05E008BACC3 /* PTProject.h */,
				A375BC5A1151C05E008BACC3 /* PTProject.m */,
				A3EDBDE61151C448004DA6AB /* PTResultsDelegate.h */,
				A3EDBFD611528619004DA6AB /* PTTrackerRemoteModel.h */,
				A3EDBFD711528619004DA6AB /* PTTrackerRemoteModel.m */,
			);
			name = "Data Model";
			path = ..;
			sourceTree = "<group>";
		};
		A3EDBE311151C6DE004DA6AB /* Helpers */ = {
			isa = PBXGroup;
			children = (
				A3EDBF771152828D004DA6AB /* CoreDataManager.h */,
				A3EDBF781152828D004DA6AB /* CoreDataManager.m */,
			);
			name = Helpers;
			sourceTree = "<group>";
		};
		A3EDBE4B1151CB3A004DA6AB /* Categories */ = {
			isa = PBXGroup;
			children = (
				A3EDBF7411528281004DA6AB /* UIApplication+Directories.h */,
				A3EDBF7511528281004DA6AB /* UIApplication+Directories.m */,
				A3EDBE4C1151CB60004DA6AB /* NSArray+NSIndexPathLookup.h */,
				A3EDBE4D1151CB60004DA6AB /* NSArray+NSIndexPathLookup.m */,
			);
			name = Categories;
			sourceTree = "<group>";
		};
/* End PBXGroup section */

/* Begin PBXNativeTarget section */
		1D6058900D05DD3D006BFB54 /* Tracker */ = {
			isa = PBXNativeTarget;
			buildConfigurationList = 1D6058960D05DD3E006BFB54 /* Build configuration list for PBXNativeTarget "Tracker" */;
			buildPhases = (
				1D60588D0D05DD3D006BFB54 /* Resources */,
				1D60588E0D05DD3D006BFB54 /* Sources */,
				1D60588F0D05DD3D006BFB54 /* Frameworks */,
			);
			buildRules = (
			);
			dependencies = (
			);
			name = Tracker;
			productName = Tracker;
			productReference = 1D6058910D05DD3D006BFB54 /* Tracker.app */;
			productType = "com.apple.product-type.application";
		};
/* End PBXNativeTarget section */

/* Begin PBXProject section */
		29B97313FDCFA39411CA2CEA /* Project object */ = {
			isa = PBXProject;
			buildConfigurationList = C01FCF4E08A954540054247B /* Build configuration list for PBXProject "Tracker" */;
			compatibilityVersion = "Xcode 3.1";
			hasScannedForEncodings = 1;
			mainGroup = 29B97314FDCFA39411CA2CEA /* CustomTemplate */;
			projectDirPath = "";
			projectRoot = "";
			targets = (
				1D6058900D05DD3D006BFB54 /* Tracker */,
			);
		};
/* End PBXProject section */

/* Begin PBXResourcesBuildPhase section */
		1D60588D0D05DD3D006BFB54 /* Resources */ = {
			isa = PBXResourcesBuildPhase;
			buildActionMask = 2147483647;
			files = (
				28AD733F0D9D9553002E5188 /* MainWindow.xib in Resources */,
				2899E5220DE3E06400AC0155 /* TrackerViewController.xib in Resources */,
			);
			runOnlyForDeploymentPostprocessing = 0;
		};
/* End PBXResourcesBuildPhase section */

/* Begin PBXSourcesBuildPhase section */
		1D60588E0D05DD3D006BFB54 /* Sources */ = {
			isa = PBXSourcesBuildPhase;
			buildActionMask = 2147483647;
			files = (
				1D60589B0D05DD56006BFB54 /* main.m in Sources */,
				1D3623260D0F684500981E51 /* TrackerAppDelegate.m in Sources */,
				28D7ACF80DDB3853001CB0EB /* TrackerViewController.m in Sources */,
				A375BC441151BF1F008BACC3 /* PTTrackerModel.m in Sources */,
				A375BC5B1151C05E008BACC3 /* PTProject.m in Sources */,
				A3EDBE4E1151CB60004DA6AB /* NSArray+NSIndexPathLookup.m in Sources */,
				A3EDBF7611528281004DA6AB /* UIApplication+Directories.m in Sources */,
				A3EDBF791152828D004DA6AB /* CoreDataManager.m in Sources */,
				A3EDBF7B11528296004DA6AB /* Tracker.xcdatamodel in Sources */,
				A3EDBFD811528619004DA6AB /* PTTrackerRemoteModel.m in Sources */,
				A339B3F21153C34800CA2BB5 /* PTSyncManager.m in Sources */,
			);
			runOnlyForDeploymentPostprocessing = 0;
		};
/* End PBXSourcesBuildPhase section */

/* Begin XCBuildConfiguration section */
		1D6058940D05DD3E006BFB54 /* Debug */ = {
			isa = XCBuildConfiguration;
			buildSettings = {
				ALWAYS_SEARCH_USER_PATHS = NO;
				COPY_PHASE_STRIP = NO;
				GCC_DYNAMIC_NO_PIC = NO;
				GCC_OPTIMIZATION_LEVEL = 0;
				GCC_PRECOMPILE_PREFIX_HEADER = YES;
				GCC_PREFIX_HEADER = Tracker_Prefix.pch;
				INFOPLIST_FILE = "Tracker-Info.plist";
				PRODUCT_NAME = Tracker;
			};
			name = Debug;
		};
		1D6058950D05DD3E006BFB54 /* Release */ = {
			isa = XCBuildConfiguration;
			buildSettings = {
				ALWAYS_SEARCH_USER_PATHS = NO;
				COPY_PHASE_STRIP = YES;
				GCC_PRECOMPILE_PREFIX_HEADER = YES;
				GCC_PREFIX_HEADER = Tracker_Prefix.pch;
				INFOPLIST_FILE = "Tracker-Info.plist";
				PRODUCT_NAME = Tracker;
			};
			name = Release;
		};
		C01FCF4F08A954540054247B /* Debug */ = {
			isa = XCBuildConfiguration;
			buildSettings = {
				ADDITIONAL_SDKS = "~/Library/SDKs/httpriot-0.6.8/$(PLATFORM_NAME)$(IPHONEOS_DEPLOYMENT_TARGET).sdk";
				ARCHS = "$(ARCHS_STANDARD_32_BIT)";
				"CODE_SIGN_IDENTITY[sdk=iphoneos*]" = "iPhone Developer";
				GCC_C_LANGUAGE_STANDARD = c99;
				GCC_WARN_ABOUT_RETURN_TYPE = YES;
				GCC_WARN_UNUSED_VARIABLE = YES;
				HEADER_SEARCH_PATHS = "/usr/include/libxml2/**";
				OTHER_LDFLAGS = (
					"-Objc",
					"-all_load",
					"-lxml2",
					"-lhttpriot",
				);
				PREBINDING = NO;
				SDKROOT = iphoneos3.1.2;
			};
			name = Debug;
		};
		C01FCF5008A954540054247B /* Release */ = {
			isa = XCBuildConfiguration;
			buildSettings = {
				ADDITIONAL_SDKS = "~/Library/SDKs/httpriot-0.6.8/$(PLATFORM_NAME)$(IPHONEOS_DEPLOYMENT_TARGET).sdk";
				ARCHS = "$(ARCHS_STANDARD_32_BIT)";
				"CODE_SIGN_IDENTITY[sdk=iphoneos*]" = "iPhone Developer";
				GCC_C_LANGUAGE_STANDARD = c99;
				GCC_WARN_ABOUT_RETURN_TYPE = YES;
				GCC_WARN_UNUSED_VARIABLE = YES;
				HEADER_SEARCH_PATHS = "/usr/include/libxml2/**";
				OTHER_LDFLAGS = (
					"-Objc",
					"-all_load",
					"-lxml2",
					"-lhttpriot",
				);
				PREBINDING = NO;
				SDKROOT = iphoneos3.1.2;
			};
			name = Release;
		};
/* End XCBuildConfiguration section */

/* Begin XCConfigurationList section */
		1D6058960D05DD3E006BFB54 /* Build configuration list for PBXNativeTarget "Tracker" */ = {
			isa = XCConfigurationList;
			buildConfigurations = (
				1D6058940D05DD3E006BFB54 /* Debug */,
				1D6058950D05DD3E006BFB54 /* Release */,
			);
			defaultConfigurationIsVisible = 0;
			defaultConfigurationName = Release;
		};
		C01FCF4E08A954540054247B /* Build configuration list for PBXProject "Tracker" */ = {
			isa = XCConfigurationList;
			buildConfigurations = (
				C01FCF4F08A954540054247B /* Debug */,
				C01FCF5008A954540054247B /* Release */,
			);
			defaultConfigurationIsVisible = 0;
			defaultConfigurationName = Release;
		};
/* End XCConfigurationList section */
	};
	rootObject = 29B97313FDCFA39411CA2CEA /* Project object */;
}
